
Microsoft Visual Studio Solution File, Format Version 12.00
Project("{FAE04EC0-301F-11D3-BF4B-00C04F79EFBC}") = "tokengen", "tokengen\tokengen.csproj", "{46F8A12D-9B4F-4304-8D41-966A8518C251}"
EndProject
Global
	GlobalSection(SolutionConfigurationPlatforms) = preSolution
		Debug|Any CPU = Debug|Any CPU
		Release|Any CPU = Release|Any CPU
	EndGlobalSection
	GlobalSection(ProjectConfigurationPlatforms) = postSolution
		{46F8A12D-9B4F-4304-8D41-966A8518C251}.Debug|Any CPU.ActiveCfg = Debug|Any CPU
		{46F8A12D-9B4F-4304-8D41-966A8518C251}.Debug|Any CPU.Build.0 = Debug|Any CPU
		{46F8A12D-9B4F-4304-8D41-966A8518C251}.Release|Any CPU.ActiveCfg = Release|Any CPU
		{46F8A12D-9B4F-4304-8D41-966A8518C251}.Release|Any CPU.Build.0 = Release|Any CPU
	EndGlobalSection
EndGlobal
